
Microsoft Visual Studio Solution File, Format Version 12.00
# Visual Studio Version 16
VisualStudioVersion = 16.0.31424.327
MinimumVisualStudioVersion = 10.0.40219.1
Project("{FAE04EC0-301F-11D3-BF4B-00C04F79EFBC}") = "OfficeApp", "OfficeApp.csproj", "{7EAB7BF9-1790-4F1D-A320-673EA085F18E}"
EndProject
Global
	GlobalSection(SolutionConfigurationPlatforms) = preSolution
		Debug|Any CPU = Debug|Any CPU
		Release|Any CPU = Release|Any CPU
	EndGlobalSection
	GlobalSection(ProjectConfigurationPlatforms) = postSolution
		{7EAB7BF9-1790-4F1D-A320-673EA085F18E}.Debug|Any CPU.ActiveCfg = Debug|Any CPU
		{7EAB7BF9-1790-4F1D-A320-673EA085F18E}.Debug|Any CPU.Build.0 = Debug|Any CPU
		{7EAB7BF9-1790-4F1D-A320-673EA085F18E}.Release|Any CPU.ActiveCfg = Release|Any CPU
		{7EAB7BF9-1790-4F1D-A320-673EA085F18E}.Release|Any CPU.Build.0 = Release|Any CPU
	EndGlobalSection
	GlobalSection(SolutionProperties) = preSolution
		HideSolutionNode = FALSE
	EndGlobalSection
	GlobalSection(ExtensibilityGlobals) = postSolution
		SolutionGuid = {D1E971FA-1531-4804-847C-880F0E49A3FD}
	EndGlobalSection
EndGlobal
